# @generated by Move, please check-in and do not edit manually.

[move]
version = 3
manifest_digest = "7E4ED0759F79E18C6F294D96BDF40BE4177BF18DE0E82D50EC4488DE452035E2"
deps_digest = "F8BBB0CCB2491CA29A3DF03D6F92277A4F3574266507ACD77214D37ECA3F3082"
dependencies = [
  { id = "Sui", name = "Sui" },
]

[[move.package]]
id = "MoveStdlib"
source = { git = "https://github.com/MystenLabs/sui.git", rev = "framework/testnet", subdir = "crates/sui-framework/packages/move-stdlib" }

[[move.package]]
id = "Sui"
source = { git = "https://github.com/MystenLabs/sui.git", rev = "framework/testnet", subdir = "crates/sui-framework/packages/sui-framework" }

dependencies = [
  { id = "MoveStdlib", name = "MoveStdlib" },
]

[move.toolchain-version]
compiler-version = "1.56.2"
edition = "2024.beta"
flavor = "sui"

[env]

[env.testnet]
chain-id = "4c78adac"
original-published-id = "0xd6db9262e886f49d63deaeb47e199df402aa99d70169a8e15db6268c1f190d5e"
latest-published-id = "0xd6db9262e886f49d63deaeb47e199df402aa99d70169a8e15db6268c1f190d5e"
published-version = "1"
